
Microsoft Visual Studio Solution File, Format Version 12.00
# Visual Studio Version 17
VisualStudioVersion = 17.0.32112.339
MinimumVisualStudioVersion = 10.0.40219.1
Project("{FAE04EC0-301F-11D3-BF4B-00C04F79EFBC}") = "SalesWebMvc", "SalesWebMvc\SalesWebMvc.csproj", "{CC30747A-948B-4116-A473-28D80D6BFBDD}"
EndProject
Global
	GlobalSection(SolutionConfigurationPlatforms) = preSolution
		Debug|Any CPU = Debug|Any CPU
		Release|Any CPU = Release|Any CPU
	EndGlobalSection
	GlobalSection(ProjectConfigurationPlatforms) = postSolution
		{CC30747A-948B-4116-A473-28D80D6BFBDD}.Debug|Any CPU.ActiveCfg = Debug|Any CPU
		{CC30747A-948B-4116-A473-28D80D6BFBDD}.Debug|Any CPU.Build.0 = Debug|Any CPU
		{CC30747A-948B-4116-A473-28D80D6BFBDD}.Release|Any CPU.ActiveCfg = Release|Any CPU
		{CC30747A-948B-4116-A473-28D80D6BFBDD}.Release|Any CPU.Build.0 = Release|Any CPU
	EndGlobalSection
	GlobalSection(SolutionProperties) = preSolution
		HideSolutionNode = FALSE
	EndGlobalSection
	GlobalSection(ExtensibilityGlobals) = postSolution
		SolutionGuid = {9A5BFD84-FB18-40E4-853E-B3D38AEFADBC}
	EndGlobalSection
EndGlobal
